version = 1
revision = 3
requires-python = ">=3.10"

[[package]]
name = "basic-snake"
version = "0.1.0"
source = { virtual = "." }
dependencies = [
    { name = "chunk" },
    { name = "pcbasic" },
]

[package.metadata]
requires-dist = [
    { name = "chunk", specifier = ">=2.0.0" },
    { name = "pcbasic", specifier = ">=2.0.7" },
]

[[package]]
name = "chunk"
version = "2.0.0"
source = { registry = "https://pypi.org/simple" }
sdist = { url = "https://files.pythonhosted.org/packages/07/c3/397e29e963894fdf66b7a697454e92bbb422d5275c23384b611875d3eea2/chunk-2.0.0.tar.gz", hash = "sha256:916ff1d96b99f27651d939155b9ede95c6e597d047f408ec6a256cb8fd6a2033", size = 7177, upload-time = "2014-01-01T11:59:15.861Z" }

[[package]]
name = "pcbasic"
version = "2.0.7"
source = { registry = "https://pypi.org/simple" }
dependencies = [
    { name = "pysdl2-dll" },
    { name = "pyserial" },
]
sdist = { url = "https://files.pythonhosted.org/packages/22/5e/0ab9be16cb9d18732ccc5c345df6dbfaae55f66c5ab4ae60622b1482c074/pcbasic-2.0.7.tar.gz", hash = "sha256:34d0236064ea7a4a2962cacd5e668812cf360b3d8aa18009f94dfb61027355ec", size = 1854182, upload-time = "2023-04-02T19:15:46.907Z" }
wheels = [
    { url = "https://files.pythonhosted.org/packages/78/14/952d3ad07e73ae6ade494d82dec84b3cb69e7c25821c1907d4ec59ebda5c/pcbasic-2.0.7-py2.py3-none-any.whl", hash = "sha256:586fd172fbe08cb1f4a05c980177abba3e983229c538b9e531f958719a4f90e7", size = 1955465, upload-time = "2023-04-02T19:15:43.269Z" },
]

[[package]]
name = "pysdl2-dll"
version = "2.32.0"
source = { registry = "https://pypi.org/simple" }
sdist = { url = "https://files.pythonhosted.org/packages/0e/9e/edc54eb68ebdb3e26302c330a6e2171ebb41179fa1245caa03b3ea89c930/pysdl2-dll-2.32.0.tar.gz", hash = "sha256:4ee29af075c0ca2f0f7a4478f9f01d1caa3b8bdcc5ea8492ef379d8528ddd821", size = 15377, upload-time = "2025-03-20T20:50:46.571Z" }
wheels = [
    { url = "https://files.pythonhosted.org/packages/6c/85/8e3290d674f96768efdf62c20630a018a4204d5192bc58af0eca55c2249c/pysdl2_dll-2.32.0-py2.py3-none-macosx_10_11_universal2.whl", hash = "sha256:61adecf7501e074a8b476eebffbc1661f1553681db8d01b3047a9674b737b9fa", size = 6579935, upload-time = "2025-03-20T20:53:03.319Z" },
    { url = "https://files.pythonhosted.org/packages/2a/7e/b699279c78f4ba978dbe17782b18f12909dc04ab1f42c6835aac365518c0/pysdl2_dll-2.32.0-py2.py3-none-macosx_10_11_x86_64.whl", hash = "sha256:745da0fd2bca264620fb65db8fbb473d230a2ddb649952c84b93592d663d95cc", size = 6579932, upload-time = "2025-03-20T20:53:04.686Z" },
    { url = "https://files.pythonhosted.org/packages/6b/fe/8a8d56f3674b6ab685ffc64a5bb3819f643717972f06690b19ba6d72c3e6/pysdl2_dll-2.32.0-py2.py3-none-manylinux2014_i686.whl", hash = "sha256:9f8c5945dda098037be08ff480a995d7c34b9e2e8afcf743de26e8e1ffff0e22", size = 4536089, upload-time = "2025-03-20T20:58:20.977Z" },
    { url = "https://files.pythonhosted.org/packages/ef/09/246560c698f6c857f522134b648e12b5a9fecb89a82abeb1ed36cf17f0f0/pysdl2_dll-2.32.0-py2.py3-none-manylinux2014_x86_64.whl", hash = "sha256:9086bd345be6d4e3463379703701a4ff6acdd2991a49f5722ad4f8bc86b26539", size = 4238730, upload-time = "2025-03-20T21:00:16.371Z" },
    { url = "https://files.pythonhosted.org/packages/a0/87/88203f9a7f72246a1388d7a8cb15045ba119ca4e79bb7d1ad624fe9519f6/pysdl2_dll-2.32.0-py2.py3-none-manylinux_2_28_aarch64.whl", hash = "sha256:c9a5c97b0647f9ddf9ad52f5f95b90d1dbf362ab52fcad0ff091e3f32663b257", size = 4437888, upload-time = "2025-03-20T20:59:27.021Z" },
    { url = "https://files.pythonhosted.org/packages/80/11/9bee58ff7aa742e7917d97a926ff3d1c2e9a67ac2e82244c4c50c51e3df8/pysdl2_dll-2.32.0-py2.py3-none-manylinux_2_28_x86_64.whl", hash = "sha256:490f1525c47ab00d8150ed1245fb306f02628d1b43f0e162e6903ed5c1a4a1ef", size = 5176310, upload-time = "2025-03-20T20:59:43.748Z" },
    { url = "https://files.pythonhosted.org/packages/2e/9c/f09d804737501b4813b3612c95e4d74dcbc0c82a51a74542ed8e5a4a27b0/pysdl2_dll-2.32.0-py2.py3-none-win32.whl", hash = "sha256:0139ce2160d8387fa4f9bbd5272b374be521e9dd133cd9a2d76c20a20d599bed", size = 3405412, upload-time = "2025-03-20T20:51:54.036Z" },
    { url = "https://files.pythonhosted.org/packages/47/ef/5ba6580e06aec8f1e3004269a6939457e63e4791ca1e36ab2e3492a120da/pysdl2_dll-2.32.0-py2.py3-none-win_amd64.whl", hash = "sha256:28f577907bf17df3b3600daebbf0534aeaa44af266430ba09c7e04ab3e22b41f", size = 4042963, upload-time = "2025-03-20T20:52:34.372Z" },
]

[[package]]
name = "pyserial"
version = "3.5"
source = { registry = "https://pypi.org/simple" }
sdist = { url = "https://files.pythonhosted.org/packages/1e/7d/ae3f0a63f41e4d2f6cb66a5b57197850f919f59e558159a4dd3a818f5082/pyserial-3.5.tar.gz", hash = "sha256:3c77e014170dfffbd816e6ffc205e9842efb10be9f58ec16d3e8675b4925cddb", size = 159125, upload-time = "2020-11-23T03:59:15.045Z" }
wheels = [
    { url = "https://files.pythonhosted.org/packages/07/bc/587a445451b253b285629263eb51c2d8e9bcea4fc97826266d186f96f558/pyserial-3.5-py2.py3-none-any.whl", hash = "sha256:c4451db6ba391ca6ca299fb3ec7bae67a5c55dde170964c7a14ceefec02f2cf0", size = 90585, upload-time = "2020-11-23T03:59:13.41Z" },
]
